
Microsoft Visual Studio Solution File, Format Version 12.00
# Visual Studio Version 16
VisualStudioVersion = 16.0.32802.440
MinimumVisualStudioVersion = 10.0.40219.1
Project("{FAE04EC0-301F-11D3-BF4B-00C04F79EFBC}") = "WebLaptopVM", "WebLaptopVM\WebLaptopVM.csproj", "{226EE358-CCF1-4DB1-B1F5-60F06DC5CE64}"
EndProject
Global
	GlobalSection(SolutionConfigurationPlatforms) = preSolution
		Debug|Any CPU = Debug|Any CPU
		Release|Any CPU = Release|Any CPU
	EndGlobalSection
	GlobalSection(ProjectConfigurationPlatforms) = postSolution
		{226EE358-CCF1-4DB1-B1F5-60F06DC5CE64}.Debug|Any CPU.ActiveCfg = Debug|Any CPU
		{226EE358-CCF1-4DB1-B1F5-60F06DC5CE64}.Debug|Any CPU.Build.0 = Debug|Any CPU
		{226EE358-CCF1-4DB1-B1F5-60F06DC5CE64}.Release|Any CPU.ActiveCfg = Release|Any CPU
		{226EE358-CCF1-4DB1-B1F5-60F06DC5CE64}.Release|Any CPU.Build.0 = Release|Any CPU
	EndGlobalSection
	GlobalSection(SolutionProperties) = preSolution
		HideSolutionNode = FALSE
	EndGlobalSection
	GlobalSection(ExtensibilityGlobals) = postSolution
		SolutionGuid = {4F28C4D9-63E7-4327-B6D9-C32206826E74}
	EndGlobalSection
EndGlobal
